// !$*UTF8*$!
{
	archiveVersion = 1;
	classes = {
	};
	objectVersion = 55;
	objects = {

/* Begin PBXBuildFile section */
		8B0AF3A827F366B60068BBEC /* IngredientsTableViewController.swift in Sources */ = {isa = PBXBuildFile; fileRef = 8B0AF3A727F366B60068BBEC /* IngredientsTableViewController.swift */; };
		BD0EDFED27F339D500DBCE94 /* Question.swift in Sources */ = {isa = PBXBuildFile; fileRef = BD0EDFEC27F339D500DBCE94 /* Question.swift */; };
		BD0EDFF027F341B900DBCE94 /* DishesManager.swift in Sources */ = {isa = PBXBuildFile; fileRef = BD0EDFEF27F341B900DBCE94 /* DishesManager.swift */; };
		BD2507FB27F1F7AA00BF8331 /* AppDelegate.swift in Sources */ = {isa = PBXBuildFile; fileRef = BD2507FA27F1F7AA00BF8331 /* AppDelegate.swift */; };
		BD2507FD27F1F7AA00BF8331 /* SceneDelegate.swift in Sources */ = {isa = PBXBuildFile; fileRef = BD2507FC27F1F7AA00BF8331 /* SceneDelegate.swift */; };
		BD2507FF27F1F7AA00BF8331 /* IntroductionViewController.swift in Sources */ = {isa = PBXBuildFile; fileRef = BD2507FE27F1F7AA00BF8331 /* IntroductionViewController.swift */; };
		BD25080227F1F7AA00BF8331 /* Main.storyboard in Resources */ = {isa = PBXBuildFile; fileRef = BD25080027F1F7AA00BF8331 /* Main.storyboard */; };
		BD25080427F1F7AB00BF8331 /* Assets.xcassets in Resources */ = {isa = PBXBuildFile; fileRef = BD25080327F1F7AB00BF8331 /* Assets.xcassets */; };
		BD25080727F1F7AB00BF8331 /* LaunchScreen.storyboard in Resources */ = {isa = PBXBuildFile; fileRef = BD25080527F1F7AB00BF8331 /* LaunchScreen.storyboard */; };
		BDA6E85527F72773004D5416 /* ResultsTableViewController.swift in Sources */ = {isa = PBXBuildFile; fileRef = BDA6E85427F72773004D5416 /* ResultsTableViewController.swift */; };
		BDA7AC1C27F62118002A06F7 /* DetailViewController.swift in Sources */ = {isa = PBXBuildFile; fileRef = BDA7AC1B27F62118002A06F7 /* DetailViewController.swift */; };
/* End PBXBuildFile section */

/* Begin PBXFileReference section */
		8B0AF3A727F366B60068BBEC /* IngredientsTableViewController.swift */ = {isa = PBXFileReference; lastKnownFileType = sourcecode.swift; path = IngredientsTableViewController.swift; sourceTree = "<group>"; };
		BD0EDFEC27F339D500DBCE94 /* Question.swift */ = {isa = PBXFileReference; lastKnownFileType = sourcecode.swift; path = Question.swift; sourceTree = "<group>"; };
		BD0EDFEF27F341B900DBCE94 /* DishesManager.swift */ = {isa = PBXFileReference; lastKnownFileType = sourcecode.swift; path = DishesManager.swift; sourceTree = "<group>"; };
		BD2507F727F1F7AA00BF8331 /* WhatToCook.app */ = {isa = PBXFileReference; explicitFileType = wrapper.application; includeInIndex = 0; path = WhatToCook.app; sourceTree = BUILT_PRODUCTS_DIR; };
		BD2507FA27F1F7AA00BF8331 /* AppDelegate.swift */ = {isa = PBXFileReference; lastKnownFileType = sourcecode.swift; path = AppDelegate.swift; sourceTree = "<group>"; };
		BD2507FC27F1F7AA00BF8331 /* SceneDelegate.swift */ = {isa = PBXFileReference; lastKnownFileType = sourcecode.swift; path = SceneDelegate.swift; sourceTree = "<group>"; };
		BD2507FE27F1F7AA00BF8331 /* IntroductionViewController.swift */ = {isa = PBXFileReference; lastKnownFileType = sourcecode.swift; path = IntroductionViewController.swift; sourceTree = "<group>"; };
		BD25080127F1F7AA00BF8331 /* Base */ = {isa = PBXFileReference; lastKnownFileType = file.storyboard; name = Base; path = Base.lproj/Main.storyboard; sourceTree = "<group>"; };
		BD25080327F1F7AB00BF8331 /* Assets.xcassets */ = {isa = PBXFileReference; lastKnownFileType = folder.assetcatalog; path = Assets.xcassets; sourceTree = "<group>"; };
		BD25080627F1F7AB00BF8331 /* Base */ = {isa = PBXFileReference; lastKnownFileType = file.storyboard; name = Base; path = Base.lproj/LaunchScreen.storyboard; sourceTree = "<group>"; };
		BD25080827F1F7AB00BF8331 /* Info.plist */ = {isa = PBXFileReference; lastKnownFileType = text.plist.xml; path = Info.plist; sourceTree = "<group>"; };
		BDA6E85427F72773004D5416 /* ResultsTableViewController.swift */ = {isa = PBXFileReference; lastKnownFileType = sourcecode.swift; path = ResultsTableViewController.swift; sourceTree = "<group>"; };
		BDA7AC1B27F62118002A06F7 /* DetailViewController.swift */ = {isa = PBXFileReference; lastKnownFileType = sourcecode.swift; path = DetailViewController.swift; sourceTree = "<group>"; };
/* End PBXFileReference section */

/* Begin PBXFrameworksBuildPhase section */
		BD2507F427F1F7A900BF8331 /* Frameworks */ = {
			isa = PBXFrameworksBuildPhase;
			buildActionMask = 2147483647;
			files = (
			);
			runOnlyForDeploymentPostprocessing = 0;
		};
/* End PBXFrameworksBuildPhase section */

/* Begin PBXGroup section */
		BD0EDFEB27F339C200DBCE94 /* Models */ = {
			isa = PBXGroup;
			children = (
				BD0EDFEC27F339D500DBCE94 /* Question.swift */,
			);
			path = Models;
			sourceTree = "<group>";
		};
		BD0EDFEE27F3417200DBCE94 /* Services */ = {
			isa = PBXGroup;
			children = (
				BD0EDFEF27F341B900DBCE94 /* DishesManager.swift */,
			);
			path = Services;
			sourceTree = "<group>";
		};
		BD2507EE27F1F7A900BF8331 = {
			isa = PBXGroup;
			children = (
				BD2507F927F1F7AA00BF8331 /* WhatToCook */,
				BD2507F827F1F7AA00BF8331 /* Products */,
			);
			sourceTree = "<group>";
		};
		BD2507F827F1F7AA00BF8331 /* Products */ = {
			isa = PBXGroup;
			children = (
				BD2507F727F1F7AA00BF8331 /* WhatToCook.app */,
			);
			name = Products;
			sourceTree = "<group>";
		};
		BD2507F927F1F7AA00BF8331 /* WhatToCook */ = {
			isa = PBXGroup;
			children = (
				BD25080E27F1F7D900BF8331 /* ViewControllers */,
				BD0EDFEB27F339C200DBCE94 /* Models */,
				BD0EDFEE27F3417200DBCE94 /* Services */,
				BD25081027F1F7FE00BF8331 /* Storyboards */,
				BD25080F27F1F7F000BF8331 /* App */,
				BD25081127F1F80C00BF8331 /* Resurces */,
			);
			path = WhatToCook;
			sourceTree = "<group>";
		};
		BD25080E27F1F7D900BF8331 /* ViewControllers */ = {
			isa = PBXGroup;
			children = (
				BD2507FE27F1F7AA00BF8331 /* IntroductionViewController.swift */,
				8B0AF3A727F366B60068BBEC /* IngredientsTableViewController.swift */,
				BDA6E85427F72773004D5416 /* ResultsTableViewController.swift */,
				BDA7AC1B27F62118002A06F7 /* DetailViewController.swift */,
			);
			path = ViewControllers;
			sourceTree = "<group>";
		};
		BD25080F27F1F7F000BF8331 /* App */ = {
			isa = PBXGroup;
			children = (
				BD2507FA27F1F7AA00BF8331 /* AppDelegate.swift */,
				BD2507FC27F1F7AA00BF8331 /* SceneDelegate.swift */,
				BD25080827F1F7AB00BF8331 /* Info.plist */,
			);
			path = App;
			sourceTree = "<group>";
		};
		BD25081027F1F7FE00BF8331 /* Storyboards */ = {
			isa = PBXGroup;
			children = (
				BD25080027F1F7AA00BF8331 /* Main.storyboard */,
				BD25080527F1F7AB00BF8331 /* LaunchScreen.storyboard */,
			);
			path = Storyboards;
			sourceTree = "<group>";
		};
		BD25081127F1F80C00BF8331 /* Resurces */ = {
			isa = PBXGroup;
			children = (
				BD25080327F1F7AB00BF8331 /* Assets.xcassets */,
			);
			path = Resurces;
			sourceTree = "<group>";
		};
/* End PBXGroup section */

/* Begin PBXNativeTarget section */
		BD2507F627F1F7A900BF8331 /* WhatToCook */ = {
			isa = PBXNativeTarget;
			buildConfigurationList = BD25080B27F1F7AB00BF8331 /* Build configuration list for PBXNativeTarget "WhatToCook" */;
			buildPhases = (
				BD2507F327F1F7A900BF8331 /* Sources */,
				BD2507F427F1F7A900BF8331 /* Frameworks */,
				BD2507F527F1F7A900BF8331 /* Resources */,
			);
			buildRules = (
			);
			dependencies = (
			);
			name = WhatToCook;
			productName = WhatToCook;
			productReference = BD2507F727F1F7AA00BF8331 /* WhatToCook.app */;
			productType = "com.apple.product-type.application";
		};
/* End PBXNativeTarget section */

/* Begin PBXProject section */
		BD2507EF27F1F7A900BF8331 /* Project object */ = {
			isa = PBXProject;
			attributes = {
				BuildIndependentTargetsInParallel = 1;
				LastSwiftUpdateCheck = 1320;
				LastUpgradeCheck = 1320;
				TargetAttributes = {
					BD2507F627F1F7A900BF8331 = {
						CreatedOnToolsVersion = 13.2.1;
					};
				};
			};
			buildConfigurationList = BD2507F227F1F7A900BF8331 /* Build configuration list for PBXProject "WhatToCook" */;
			compatibilityVersion = "Xcode 13.0";
			developmentRegion = en;
			hasScannedForEncodings = 0;
			knownRegions = (
				en,
				Base,
			);
			mainGroup = BD2507EE27F1F7A900BF8331;
			productRefGroup = BD2507F827F1F7AA00BF8331 /* Products */;
			projectDirPath = "";
			projectRoot = "";
			targets = (
				BD2507F627F1F7A900BF8331 /* WhatToCook */,
			);
		};
/* End PBXProject section */

/* Begin PBXResourcesBuildPhase section */
		BD2507F527F1F7A900BF8331 /* Resources */ = {
			isa = PBXResourcesBuildPhase;
			buildActionMask = 2147483647;
			files = (
				BD25080727F1F7AB00BF8331 /* LaunchScreen.storyboard in Resources */,
				BD25080427F1F7AB00BF8331 /* Assets.xcassets in Resources */,
				BD25080227F1F7AA00BF8331 /* Main.storyboard in Resources */,
			);
			runOnlyForDeploymentPostprocessing = 0;
		};
/* End PBXResourcesBuildPhase section */

/* Begin PBXSourcesBuildPhase section */
		BD2507F327F1F7A900BF8331 /* Sources */ = {
			isa = PBXSourcesBuildPhase;
			buildActionMask = 2147483647;
			files = (
				BD2507FF27F1F7AA00BF8331 /* IntroductionViewController.swift in Sources */,
				BD0EDFF027F341B900DBCE94 /* DishesManager.swift in Sources */,
				BD0EDFED27F339D500DBCE94 /* Question.swift in Sources */,
				BD2507FB27F1F7AA00BF8331 /* AppDelegate.swift in Sources */,
				8B0AF3A827F366B60068BBEC /* IngredientsTableViewController.swift in Sources */,
				BDA6E85527F72773004D5416 /* ResultsTableViewController.swift in Sources */,
				BD2507FD27F1F7AA00BF8331 /* SceneDelegate.swift in Sources */,
				BDA7AC1C27F62118002A06F7 /* DetailViewController.swift in Sources */,
			);
			runOnlyForDeploymentPostprocessing = 0;
		};
/* End PBXSourcesBuildPhase section */

/* Begin PBXVariantGroup section */
		BD25080027F1F7AA00BF8331 /* Main.storyboard */ = {
			isa = PBXVariantGroup;
			children = (
				BD25080127F1F7AA00BF8331 /* Base */,
			);
			name = Main.storyboard;
			sourceTree = "<group>";
		};
		BD25080527F1F7AB00BF8331 /* LaunchScreen.storyboard */ = {
			isa = PBXVariantGroup;
			children = (
				BD25080627F1F7AB00BF8331 /* Base */,
			);
			name = LaunchScreen.storyboard;
			sourceTree = "<group>";
		};
/* End PBXVariantGroup section */

/* Begin XCBuildConfiguration section */
		BD25080927F1F7AB00BF8331 /* Debug */ = {
			isa = XCBuildConfiguration;
			buildSettings = {
				ALWAYS_SEARCH_USER_PATHS = NO;
				CLANG_ANALYZER_NONNULL = YES;
				CLANG_ANALYZER_NUMBER_OBJECT_CONVERSION = YES_AGGRESSIVE;
				CLANG_CXX_LANGUAGE_STANDARD = "gnu++17";
				CLANG_CXX_LIBRARY = "libc++";
				CLANG_ENABLE_MODULES = YES;
				CLANG_ENABLE_OBJC_ARC = YES;
				CLANG_ENABLE_OBJC_WEAK = YES;
				CLANG_WARN_BLOCK_CAPTURE_AUTORELEASING = YES;
				CLANG_WARN_BOOL_CONVERSION = YES;
				CLANG_WARN_COMMA = YES;
				CLANG_WARN_CONSTANT_CONVERSION = YES;
				CLANG_WARN_DEPRECATED_OBJC_IMPLEMENTATIONS = YES;
				CLANG_WARN_DIRECT_OBJC_ISA_USAGE = YES_ERROR;
				CLANG_WARN_DOCUMENTATION_COMMENTS = YES;
				CLANG_WARN_EMPTY_BODY = YES;
				CLANG_WARN_ENUM_CONVERSION = YES;
				CLANG_WARN_INFINITE_RECURSION = YES;
				CLANG_WARN_INT_CONVERSION = YES;
				CLANG_WARN_NON_LITERAL_NULL_CONVERSION = YES;
				CLANG_WARN_OBJC_IMPLICIT_RETAIN_SELF = YES;
				CLANG_WARN_OBJC_LITERAL_CONVERSION = YES;
				CLANG_WARN_OBJC_ROOT_CLASS = YES_ERROR;
				CLANG_WARN_QUOTED_INCLUDE_IN_FRAMEWORK_HEADER = YES;
				CLANG_WARN_RANGE_LOOP_ANALYSIS = YES;
				CLANG_WARN_STRICT_PROTOTYPES = YES;
				CLANG_WARN_SUSPICIOUS_MOVE = YES;
				CLANG_WARN_UNGUARDED_AVAILABILITY = YES_AGGRESSIVE;
				CLANG_WARN_UNREACHABLE_CODE = YES;
				CLANG_WARN__DUPLICATE_METHOD_MATCH = YES;
				COPY_PHASE_STRIP = NO;
				DEBUG_INFORMATION_FORMAT = dwarf;
				ENABLE_STRICT_OBJC_MSGSEND = YES;
				ENABLE_TESTABILITY = YES;
				GCC_C_LANGUAGE_STANDARD = gnu11;
				GCC_DYNAMIC_NO_PIC = NO;
				GCC_NO_COMMON_BLOCKS = YES;
				GCC_OPTIMIZATION_LEVEL = 0;
				GCC_PREPROCESSOR_DEFINITIONS = (
					"DEBUG=1",
					"$(inherited)",
				);
				GCC_WARN_64_TO_32_BIT_CONVERSION = YES;
				GCC_WARN_ABOUT_RETURN_TYPE = YES_ERROR;
				GCC_WARN_UNDECLARED_SELECTOR = YES;
				GCC_WARN_UNINITIALIZED_AUTOS = YES_AGGRESSIVE;
				GCC_WARN_UNUSED_FUNCTION = YES;
				GCC_WARN_UNUSED_VARIABLE = YES;
				IPHONEOS_DEPLOYMENT_TARGET = 15.2;
				MTL_ENABLE_DEBUG_INFO = INCLUDE_SOURCE;
				MTL_FAST_MATH = YES;
				ONLY_ACTIVE_ARCH = YES;
				SDKROOT = iphoneos;
				SWIFT_ACTIVE_COMPILATION_CONDITIONS = DEBUG;
				SWIFT_OPTIMIZATION_LEVEL = "-Onone";
			};
			name = Debug;
		};
		BD25080A27F1F7AB00BF8331 /* Release */ = {
			isa = XCBuildConfiguration;
			buildSettings = {
				ALWAYS_SEARCH_USER_PATHS = NO;
				CLANG_ANALYZER_NONNULL = YES;
				CLANG_ANALYZER_NUMBER_OBJECT_CONVERSION = YES_AGGRESSIVE;
				CLANG_CXX_LANGUAGE_STANDARD = "gnu++17";
				CLANG_CXX_LIBRARY = "libc++";
				CLANG_ENABLE_MODULES = YES;
				CLANG_ENABLE_OBJC_ARC = YES;
				CLANG_ENABLE_OBJC_WEAK = YES;
				CLANG_WARN_BLOCK_CAPTURE_AUTORELEASING = YES;
				CLANG_WARN_BOOL_CONVERSION = YES;
				CLANG_WARN_COMMA = YES;
				CLANG_WARN_CONSTANT_CONVERSION = YES;
				CLANG_WARN_DEPRECATED_OBJC_IMPLEMENTATIONS = YES;
				CLANG_WARN_DIRECT_OBJC_ISA_USAGE = YES_ERROR;
				CLANG_WARN_DOCUMENTATION_COMMENTS = YES;
				CLANG_WARN_EMPTY_BODY = YES;
				CLANG_WARN_ENUM_CONVERSION = YES;
				CLANG_WARN_INFINITE_RECURSION = YES;
				CLANG_WARN_INT_CONVERSION = YES;
				CLANG_WARN_NON_LITERAL_NULL_CONVERSION = YES;
				CLANG_WARN_OBJC_IMPLICIT_RETAIN_SELF = YES;
				CLANG_WARN_OBJC_LITERAL_CONVERSION = YES;
				CLANG_WARN_OBJC_ROOT_CLASS = YES_ERROR;
				CLANG_WARN_QUOTED_INCLUDE_IN_FRAMEWORK_HEADER = YES;
				CLANG_WARN_RANGE_LOOP_ANALYSIS = YES;
				CLANG_WARN_STRICT_PROTOTYPES = YES;
				CLANG_WARN_SUSPICIOUS_MOVE = YES;
				CLANG_WARN_UNGUARDED_AVAILABILITY = YES_AGGRESSIVE;
				CLANG_WARN_UNREACHABLE_CODE = YES;
				CLANG_WARN__DUPLICATE_METHOD_MATCH = YES;
				COPY_PHASE_STRIP = NO;
				DEBUG_INFORMATION_FORMAT = "dwarf-with-dsym";
				ENABLE_NS_ASSERTIONS = NO;
				ENABLE_STRICT_OBJC_MSGSEND = YES;
				GCC_C_LANGUAGE_STANDARD = gnu11;
				GCC_NO_COMMON_BLOCKS = YES;
				GCC_WARN_64_TO_32_BIT_CONVERSION = YES;
				GCC_WARN_ABOUT_RETURN_TYPE = YES_ERROR;
				GCC_WARN_UNDECLARED_SELECTOR = YES;
				GCC_WARN_UNINITIALIZED_AUTOS = YES_AGGRESSIVE;
				GCC_WARN_UNUSED_FUNCTION = YES;
				GCC_WARN_UNUSED_VARIABLE = YES;
				IPHONEOS_DEPLOYMENT_TARGET = 15.2;
				MTL_ENABLE_DEBUG_INFO = NO;
				MTL_FAST_MATH = YES;
				SDKROOT = iphoneos;
				SWIFT_COMPILATION_MODE = wholemodule;
				SWIFT_OPTIMIZATION_LEVEL = "-O";
				VALIDATE_PRODUCT = YES;
			};
			name = Release;
		};
		BD25080C27F1F7AB00BF8331 /* Debug */ = {
			isa = XCBuildConfiguration;
			buildSettings = {
				ASSETCATALOG_COMPILER_APPICON_NAME = AppIcon;
				ASSETCATALOG_COMPILER_GLOBAL_ACCENT_COLOR_NAME = AccentColor;
				CODE_SIGN_STYLE = Automatic;
				CURRENT_PROJECT_VERSION = 1;
				DEVELOPMENT_TEAM = P745L5C6BY;
				GENERATE_INFOPLIST_FILE = YES;
				INFOPLIST_FILE = WhatToCook/App/Info.plist;
				INFOPLIST_KEY_UIApplicationSupportsIndirectInputEvents = YES;
				INFOPLIST_KEY_UILaunchStoryboardName = LaunchScreen;
				INFOPLIST_KEY_UIMainStoryboardFile = Main;
				INFOPLIST_KEY_UISupportedInterfaceOrientations_iPad = "UIInterfaceOrientationPortrait UIInterfaceOrientationPortraitUpsideDown UIInterfaceOrientationLandscapeLeft UIInterfaceOrientationLandscapeRight";
				INFOPLIST_KEY_UISupportedInterfaceOrientations_iPhone = "UIInterfaceOrientationPortrait UIInterfaceOrientationLandscapeLeft UIInterfaceOrientationLandscapeRight";
				LD_RUNPATH_SEARCH_PATHS = (
					"$(inherited)",
					"@executable_path/Frameworks",
				);
				MARKETING_VERSION = 1.0;
				PRODUCT_BUNDLE_IDENTIFIER = Kvashnin.WhatToCook;
				PRODUCT_NAME = "$(TARGET_NAME)";
				SWIFT_EMIT_LOC_STRINGS = YES;
				SWIFT_VERSION = 5.0;
				TARGETED_DEVICE_FAMILY = "1,2";
			};
			name = Debug;
		};
		BD25080D27F1F7AB00BF8331 /* Release */ = {
			isa = XCBuildConfiguration;
			buildSettings = {
				ASSETCATALOG_COMPILER_APPICON_NAME = AppIcon;
				ASSETCATALOG_COMPILER_GLOBAL_ACCENT_COLOR_NAME = AccentColor;
				CODE_SIGN_STYLE = Automatic;
				CURRENT_PROJECT_VERSION = 1;
				DEVELOPMENT_TEAM = P745L5C6BY;
				GENERATE_INFOPLIST_FILE = YES;
				INFOPLIST_FILE = WhatToCook/App/Info.plist;
				INFOPLIST_KEY_UIApplicationSupportsIndirectInputEvents = YES;
				INFOPLIST_KEY_UILaunchStoryboardName = LaunchScreen;
				INFOPLIST_KEY_UIMainStoryboardFile = Main;
				INFOPLIST_KEY_UISupportedInterfaceOrientations_iPad = "UIInterfaceOrientationPortrait UIInterfaceOrientationPortraitUpsideDown UIInterfaceOrientationLandscapeLeft UIInterfaceOrientationLandscapeRight";
				INFOPLIST_KEY_UISupportedInterfaceOrientations_iPhone = "UIInterfaceOrientationPortrait UIInterfaceOrientationLandscapeLeft UIInterfaceOrientationLandscapeRight";
				LD_RUNPATH_SEARCH_PATHS = (
					"$(inherited)",
					"@executable_path/Frameworks",
				);
				MARKETING_VERSION = 1.0;
				PRODUCT_BUNDLE_IDENTIFIER = Kvashnin.WhatToCook;
				PRODUCT_NAME = "$(TARGET_NAME)";
				SWIFT_EMIT_LOC_STRINGS = YES;
				SWIFT_VERSION = 5.0;
				TARGETED_DEVICE_FAMILY = "1,2";
			};
			name = Release;
		};
/* End XCBuildConfiguration section */

/* Begin XCConfigurationList section */
		BD2507F227F1F7A900BF8331 /* Build configuration list for PBXProject "WhatToCook" */ = {
			isa = XCConfigurationList;
			buildConfigurations = (
				BD25080927F1F7AB00BF8331 /* Debug */,
				BD25080A27F1F7AB00BF8331 /* Release */,
			);
			defaultConfigurationIsVisible = 0;
			defaultConfigurationName = Release;
		};
		BD25080B27F1F7AB00BF8331 /* Build configuration list for PBXNativeTarget "WhatToCook" */ = {
			isa = XCConfigurationList;
			buildConfigurations = (
				BD25080C27F1F7AB00BF8331 /* Debug */,
				BD25080D27F1F7AB00BF8331 /* Release */,
			);
			defaultConfigurationIsVisible = 0;
			defaultConfigurationName = Release;
		};
/* End XCConfigurationList section */
	};
	rootObject = BD2507EF27F1F7A900BF8331 /* Project object */;
}
